
Microsoft Visual Studio Solution File, Format Version 12.00
# Visual Studio Version 17
VisualStudioVersion = 17.4.33213.308
MinimumVisualStudioVersion = 10.0.40219.1
Project("{FAE04EC0-301F-11D3-BF4B-00C04F79EFBC}") = "ExperimentWithControls", "ExperimentWithControls\ExperimentWithControls.csproj", "{9E64EDEB-207B-4850-A128-6405B5B7C49C}"
EndProject
Global
	GlobalSection(SolutionConfigurationPlatforms) = preSolution
		Debug|Any CPU = Debug|Any CPU
		Release|Any CPU = Release|Any CPU
	EndGlobalSection
	GlobalSection(ProjectConfigurationPlatforms) = postSolution
		{9E64EDEB-207B-4850-A128-6405B5B7C49C}.Debug|Any CPU.ActiveCfg = Debug|Any CPU
		{9E64EDEB-207B-4850-A128-6405B5B7C49C}.Debug|Any CPU.Build.0 = Debug|Any CPU
		{9E64EDEB-207B-4850-A128-6405B5B7C49C}.Release|Any CPU.ActiveCfg = Release|Any CPU
		{9E64EDEB-207B-4850-A128-6405B5B7C49C}.Release|Any CPU.Build.0 = Release|Any CPU
	EndGlobalSection
	GlobalSection(SolutionProperties) = preSolution
		HideSolutionNode = FALSE
	EndGlobalSection
	GlobalSection(ExtensibilityGlobals) = postSolution
		SolutionGuid = {4FF76A73-4A07-4EDA-B3D9-29B422DC8DAF}
	EndGlobalSection
EndGlobal
